
Microsoft Visual Studio Solution File, Format Version 12.00
# Visual Studio Version 16
VisualStudioVersion = 16.0.30621.155
MinimumVisualStudioVersion = 10.0.40219.1
Project("{FAE04EC0-301F-11D3-BF4B-00C04F79EFBC}") = "AGRO_GRAMM", "AGRO_GRAMM.csproj", "{78845545-1DEF-414E-A072-39B446254F60}"
EndProject
Global
	GlobalSection(SolutionConfigurationPlatforms) = preSolution
		Debug|Any CPU = Debug|Any CPU
		Release|Any CPU = Release|Any CPU
	EndGlobalSection
	GlobalSection(ProjectConfigurationPlatforms) = postSolution
		{78845545-1DEF-414E-A072-39B446254F60}.Debug|Any CPU.ActiveCfg = Debug|Any CPU
		{78845545-1DEF-414E-A072-39B446254F60}.Debug|Any CPU.Build.0 = Debug|Any CPU
		{78845545-1DEF-414E-A072-39B446254F60}.Release|Any CPU.ActiveCfg = Release|Any CPU
		{78845545-1DEF-414E-A072-39B446254F60}.Release|Any CPU.Build.0 = Release|Any CPU
	EndGlobalSection
	GlobalSection(SolutionProperties) = preSolution
		HideSolutionNode = FALSE
	EndGlobalSection
	GlobalSection(ExtensibilityGlobals) = postSolution
		SolutionGuid = {5B526E27-4880-4223-90E8-08AD7A2006D1}
	EndGlobalSection
EndGlobal
